// !$*UTF8*$!
{
	archiveVersion = 1;
	classes = {
	};
	objectVersion = 46;
	objects = {

/* Begin PBXBuildFile section */
		2FB6D2061554410200D9D937 /* TLAuthor.m in Sources */ = {isa = PBXBuildFile; fileRef = 2FB6D1DF1554410200D9D937 /* TLAuthor.m */; };
		2FB6D2071554410200D9D937 /* TLComment.m in Sources */ = {isa = PBXBuildFile; fileRef = 2FB6D1E11554410200D9D937 /* TLComment.m */; };
		2FB6D2081554410200D9D937 /* TLCommit.m in Sources */ = {isa = PBXBuildFile; fileRef = 2FB6D1E31554410200D9D937 /* TLCommit.m */; };
		2FB6D2091554410200D9D937 /* TLGithubObject.m in Sources */ = {isa = PBXBuildFile; fileRef = 2FB6D1E51554410200D9D937 /* TLGithubObject.m */; };
		2FB6D20A1554410200D9D937 /* TLManagedObject.m in Sources */ = {isa = PBXBuildFile; fileRef = 2FB6D1E71554410200D9D937 /* TLManagedObject.m */; };
		2FB6D20B1554410200D9D937 /* TLPullRequest.m in Sources */ = {isa = PBXBuildFile; fileRef = 2FB6D1E91554410200D9D937 /* TLPullRequest.m */; };
		2FB6D20C1554410200D9D937 /* TLRepository.m in Sources */ = {isa = PBXBuildFile; fileRef = 2FB6D1EB1554410200D9D937 /* TLRepository.m */; };
		2FB6D20D1554410200D9D937 /* _TLAuthor.m in Sources */ = {isa = PBXBuildFile; fileRef = 2FB6D1EE1554410200D9D937 /* _TLAuthor.m */; };
		2FB6D20E1554410200D9D937 /* _TLComment.m in Sources */ = {isa = PBXBuildFile; fileRef = 2FB6D1F01554410200D9D937 /* _TLComment.m */; };
		2FB6D20F1554410200D9D937 /* _TLCommit.m in Sources */ = {isa = PBXBuildFile; fileRef = 2FB6D1F21554410200D9D937 /* _TLCommit.m */; };
		2FB6D2101554410200D9D937 /* _TLGithubObject.m in Sources */ = {isa = PBXBuildFile; fileRef = 2FB6D1F41554410200D9D937 /* _TLGithubObject.m */; };
		2FB6D2111554410200D9D937 /* _TLPullRequest.m in Sources */ = {isa = PBXBuildFile; fileRef = 2FB6D1F61554410200D9D937 /* _TLPullRequest.m */; };
		2FB6D2121554410200D9D937 /* _TLRepository.m in Sources */ = {isa = PBXBuildFile; fileRef = 2FB6D1F81554410200D9D937 /* _TLRepository.m */; };
		2FB6D2131554410200D9D937 /* NSDateFormatter+Extensions.m in Sources */ = {isa = PBXBuildFile; fileRef = 2FB6D1FB1554410200D9D937 /* NSDateFormatter+Extensions.m */; };
		2FB6D2141554410200D9D937 /* NSManagedObjectContext+Extensions.m in Sources */ = {isa = PBXBuildFile; fileRef = 2FB6D1FD1554410200D9D937 /* NSManagedObjectContext+Extensions.m */; };
		2FB6D2151554410200D9D937 /* main.m in Sources */ = {isa = PBXBuildFile; fileRef = 2FB6D1FE1554410200D9D937 /* main.m */; };
		2FB6D2161554410200D9D937 /* TLAppDelegate.m in Sources */ = {isa = PBXBuildFile; fileRef = 2FB6D2001554410200D9D937 /* TLAppDelegate.m */; };
		2FB6D2171554410200D9D937 /* TLGitHubAPI.m in Sources */ = {isa = PBXBuildFile; fileRef = 2FB6D2021554410200D9D937 /* TLGitHubAPI.m */; };
		2FB6D2181554410200D9D937 /* WebViewController.m in Sources */ = {isa = PBXBuildFile; fileRef = 2FB6D2051554410200D9D937 /* WebViewController.m */; };
		2FDB9F541553F7AE00CB7487 /* Cocoa.framework in Frameworks */ = {isa = PBXBuildFile; fileRef = 2FDB9F531553F7AE00CB7487 /* Cocoa.framework */; };
		2FDB9F8A1553F87500CB7487 /* Credits.rtf in Resources */ = {isa = PBXBuildFile; fileRef = 2FDB9F7F1553F87500CB7487 /* Credits.rtf */; };
		2FDB9F8B1553F87500CB7487 /* InfoPlist.strings in Resources */ = {isa = PBXBuildFile; fileRef = 2FDB9F811553F87500CB7487 /* InfoPlist.strings */; };
		2FDB9F8C1553F87500CB7487 /* MainMenu.xib in Resources */ = {isa = PBXBuildFile; fileRef = 2FDB9F831553F87500CB7487 /* MainMenu.xib */; };
		2FDB9F8D1553F87500CB7487 /* GitHubNotificationCenter.xcdatamodeld in Sources */ = {isa = PBXBuildFile; fileRef = 2FDB9F851553F87500CB7487 /* GitHubNotificationCenter.xcdatamodeld */; };
		8F557F79155417A500923D02 /* WebKit.framework in Frameworks */ = {isa = PBXBuildFile; fileRef = 8F557F78155417A500923D02 /* WebKit.framework */; };
		8F557FA51554461C00923D02 /* PullRequestTableEntry.m in Sources */ = {isa = PBXBuildFile; fileRef = 8F557FA41554461C00923D02 /* PullRequestTableEntry.m */; };
		E5867AF7155400FB00A7E61D /* UAGithubEngine.framework in Frameworks */ = {isa = PBXBuildFile; fileRef = E5867AF5155400E800A7E61D /* UAGithubEngine.framework */; };
/* End PBXBuildFile section */

/* Begin PBXBuildRule section */
		2F01E07C155409E0001A8DCC /* PBXBuildRule */ = {
			isa = PBXBuildRule;
			compilerSpec = com.apple.compilers.proxy.script;
			fileType = wrapper.xcdatamodeld;
			isEditable = 1;
			outputFiles = (
				"$(DERIVED_FILES_DIR)/$(INPUT_FILE_BASE).momd",
			);
			script = "echo \"Processing Data model files...\"\n\"${SRCROOT}/Scripts/processDataModelVersionFiles.sh\"";
		};
		2F01E07D155409FE001A8DCC /* PBXBuildRule */ = {
			isa = PBXBuildRule;
			compilerSpec = com.apple.compilers.proxy.script;
			fileType = wrapper.xcdatamodel;
			isEditable = 1;
			outputFiles = (
				"$(DERIVED_FILES_DIR)/$(INPUT_FILE_BASE).mom",
			);
			script = "echo \"Processing Data files...\"\n\"${SRCROOT}/Scripts/CoreData/processDataModelFiles.sh\"";
		};
/* End PBXBuildRule section */

/* Begin PBXContainerItemProxy section */
		E5867AF4155400E800A7E61D /* PBXContainerItemProxy */ = {
			isa = PBXContainerItemProxy;
			containerPortal = E5867AED155400E800A7E61D /* UAGithubEngine.xcodeproj */;
			proxyType = 2;
			remoteGlobalIDString = CC52FF9D15378566005A767A;
			remoteInfo = UAGithubEngine;
		};
/* End PBXContainerItemProxy section */

/* Begin PBXFileReference section */
		2FB6D1DE1554410200D9D937 /* TLAuthor.h */ = {isa = PBXFileReference; fileEncoding = 4; lastKnownFileType = sourcecode.c.h; path = TLAuthor.h; sourceTree = "<group>"; };
		2FB6D1DF1554410200D9D937 /* TLAuthor.m */ = {isa = PBXFileReference; fileEncoding = 4; lastKnownFileType = sourcecode.c.objc; path = TLAuthor.m; sourceTree = "<group>"; };
		2FB6D1E01554410200D9D937 /* TLComment.h */ = {isa = PBXFileReference; fileEncoding = 4; lastKnownFileType = sourcecode.c.h; path = TLComment.h; sourceTree = "<group>"; };
		2FB6D1E11554410200D9D937 /* TLComment.m */ = {isa = PBXFileReference; fileEncoding = 4; lastKnownFileType = sourcecode.c.objc; path = TLComment.m; sourceTree = "<group>"; };
		2FB6D1E21554410200D9D937 /* TLCommit.h */ = {isa = PBXFileReference; fileEncoding = 4; lastKnownFileType = sourcecode.c.h; path = TLCommit.h; sourceTree = "<group>"; };
		2FB6D1E31554410200D9D937 /* TLCommit.m */ = {isa = PBXFileReference; fileEncoding = 4; lastKnownFileType = sourcecode.c.objc; path = TLCommit.m; sourceTree = "<group>"; };
		2FB6D1E41554410200D9D937 /* TLGithubObject.h */ = {isa = PBXFileReference; fileEncoding = 4; lastKnownFileType = sourcecode.c.h; path = TLGithubObject.h; sourceTree = "<group>"; };
		2FB6D1E51554410200D9D937 /* TLGithubObject.m */ = {isa = PBXFileReference; fileEncoding = 4; lastKnownFileType = sourcecode.c.objc; path = TLGithubObject.m; sourceTree = "<group>"; };
		2FB6D1E61554410200D9D937 /* TLManagedObject.h */ = {isa = PBXFileReference; fileEncoding = 4; lastKnownFileType = sourcecode.c.h; path = TLManagedObject.h; sourceTree = "<group>"; };
		2FB6D1E71554410200D9D937 /* TLManagedObject.m */ = {isa = PBXFileReference; fileEncoding = 4; lastKnownFileType = sourcecode.c.objc; path = TLManagedObject.m; sourceTree = "<group>"; };
		2FB6D1E81554410200D9D937 /* TLPullRequest.h */ = {isa = PBXFileReference; fileEncoding = 4; lastKnownFileType = sourcecode.c.h; path = TLPullRequest.h; sourceTree = "<group>"; };
		2FB6D1E91554410200D9D937 /* TLPullRequest.m */ = {isa = PBXFileReference; fileEncoding = 4; lastKnownFileType = sourcecode.c.objc; path = TLPullRequest.m; sourceTree = "<group>"; };
		2FB6D1EA1554410200D9D937 /* TLRepository.h */ = {isa = PBXFileReference; fileEncoding = 4; lastKnownFileType = sourcecode.c.h; path = TLRepository.h; sourceTree = "<group>"; };
		2FB6D1EB1554410200D9D937 /* TLRepository.m */ = {isa = PBXFileReference; fileEncoding = 4; lastKnownFileType = sourcecode.c.objc; path = TLRepository.m; sourceTree = "<group>"; };
		2FB6D1ED1554410200D9D937 /* _TLAuthor.h */ = {isa = PBXFileReference; fileEncoding = 4; lastKnownFileType = sourcecode.c.h; path = _TLAuthor.h; sourceTree = "<group>"; };
		2FB6D1EE1554410200D9D937 /* _TLAuthor.m */ = {isa = PBXFileReference; fileEncoding = 4; lastKnownFileType = sourcecode.c.objc; path = _TLAuthor.m; sourceTree = "<group>"; };
		2FB6D1EF1554410200D9D937 /* _TLComment.h */ = {isa = PBXFileReference; fileEncoding = 4; lastKnownFileType = sourcecode.c.h; path = _TLComment.h; sourceTree = "<group>"; };
		2FB6D1F01554410200D9D937 /* _TLComment.m */ = {isa = PBXFileReference; fileEncoding = 4; lastKnownFileType = sourcecode.c.objc; path = _TLComment.m; sourceTree = "<group>"; };
		2FB6D1F11554410200D9D937 /* _TLCommit.h */ = {isa = PBXFileReference; fileEncoding = 4; lastKnownFileType = sourcecode.c.h; path = _TLCommit.h; sourceTree = "<group>"; };
		2FB6D1F21554410200D9D937 /* _TLCommit.m */ = {isa = PBXFileReference; fileEncoding = 4; lastKnownFileType = sourcecode.c.objc; path = _TLCommit.m; sourceTree = "<group>"; };
		2FB6D1F31554410200D9D937 /* _TLGithubObject.h */ = {isa = PBXFileReference; fileEncoding = 4; lastKnownFileType = sourcecode.c.h; path = _TLGithubObject.h; sourceTree = "<group>"; };
		2FB6D1F41554410200D9D937 /* _TLGithubObject.m */ = {isa = PBXFileReference; fileEncoding = 4; lastKnownFileType = sourcecode.c.objc; path = _TLGithubObject.m; sourceTree = "<group>"; };
		2FB6D1F51554410200D9D937 /* _TLPullRequest.h */ = {isa = PBXFileReference; fileEncoding = 4; lastKnownFileType = sourcecode.c.h; path = _TLPullRequest.h; sourceTree = "<group>"; };
		2FB6D1F61554410200D9D937 /* _TLPullRequest.m */ = {isa = PBXFileReference; fileEncoding = 4; lastKnownFileType = sourcecode.c.objc; path = _TLPullRequest.m; sourceTree = "<group>"; };
		2FB6D1F71554410200D9D937 /* _TLRepository.h */ = {isa = PBXFileReference; fileEncoding = 4; lastKnownFileType = sourcecode.c.h; path = _TLRepository.h; sourceTree = "<group>"; };
		2FB6D1F81554410200D9D937 /* _TLRepository.m */ = {isa = PBXFileReference; fileEncoding = 4; lastKnownFileType = sourcecode.c.objc; path = _TLRepository.m; sourceTree = "<group>"; };
		2FB6D1FA1554410200D9D937 /* NSDateFormatter+Extensions.h */ = {isa = PBXFileReference; fileEncoding = 4; lastKnownFileType = sourcecode.c.h; path = "NSDateFormatter+Extensions.h"; sourceTree = "<group>"; };
		2FB6D1FB1554410200D9D937 /* NSDateFormatter+Extensions.m */ = {isa = PBXFileReference; fileEncoding = 4; lastKnownFileType = sourcecode.c.objc; path = "NSDateFormatter+Extensions.m"; sourceTree = "<group>"; };
		2FB6D1FC1554410200D9D937 /* NSManagedObjectContext+Extensions.h */ = {isa = PBXFileReference; fileEncoding = 4; lastKnownFileType = sourcecode.c.h; path = "NSManagedObjectContext+Extensions.h"; sourceTree = "<group>"; };
		2FB6D1FD1554410200D9D937 /* NSManagedObjectContext+Extensions.m */ = {isa = PBXFileReference; fileEncoding = 4; lastKnownFileType = sourcecode.c.objc; path = "NSManagedObjectContext+Extensions.m"; sourceTree = "<group>"; };
		2FB6D1FE1554410200D9D937 /* main.m */ = {isa = PBXFileReference; fileEncoding = 4; lastKnownFileType = sourcecode.c.objc; path = main.m; sourceTree = "<group>"; };
		2FB6D1FF1554410200D9D937 /* TLAppDelegate.h */ = {isa = PBXFileReference; fileEncoding = 4; lastKnownFileType = sourcecode.c.h; path = TLAppDelegate.h; sourceTree = "<group>"; };
		2FB6D2001554410200D9D937 /* TLAppDelegate.m */ = {isa = PBXFileReference; fileEncoding = 4; lastKnownFileType = sourcecode.c.objc; path = TLAppDelegate.m; sourceTree = "<group>"; };
		2FB6D2011554410200D9D937 /* TLGitHubAPI.h */ = {isa = PBXFileReference; fileEncoding = 4; lastKnownFileType = sourcecode.c.h; path = TLGitHubAPI.h; sourceTree = "<group>"; };
		2FB6D2021554410200D9D937 /* TLGitHubAPI.m */ = {isa = PBXFileReference; fileEncoding = 4; lastKnownFileType = sourcecode.c.objc; path = TLGitHubAPI.m; sourceTree = "<group>"; };
		2FB6D2031554410200D9D937 /* TLMacros.h */ = {isa = PBXFileReference; fileEncoding = 4; lastKnownFileType = sourcecode.c.h; path = TLMacros.h; sourceTree = "<group>"; };
		2FB6D2041554410200D9D937 /* WebViewController.h */ = {isa = PBXFileReference; fileEncoding = 4; lastKnownFileType = sourcecode.c.h; path = WebViewController.h; sourceTree = "<group>"; };
		2FB6D2051554410200D9D937 /* WebViewController.m */ = {isa = PBXFileReference; fileEncoding = 4; lastKnownFileType = sourcecode.c.objc; path = WebViewController.m; sourceTree = "<group>"; };
		2FDB9F4F1553F7AE00CB7487 /* GitHubNotificationCenter.app */ = {isa = PBXFileReference; explicitFileType = wrapper.application; includeInIndex = 0; path = GitHubNotificationCenter.app; sourceTree = BUILT_PRODUCTS_DIR; };
		2FDB9F531553F7AE00CB7487 /* Cocoa.framework */ = {isa = PBXFileReference; lastKnownFileType = wrapper.framework; name = Cocoa.framework; path = System/Library/Frameworks/Cocoa.framework; sourceTree = SDKROOT; };
		2FDB9F561553F7AE00CB7487 /* AppKit.framework */ = {isa = PBXFileReference; lastKnownFileType = wrapper.framework; name = AppKit.framework; path = System/Library/Frameworks/AppKit.framework; sourceTree = SDKROOT; };
		2FDB9F571553F7AE00CB7487 /* CoreData.framework */ = {isa = PBXFileReference; lastKnownFileType = wrapper.framework; name = CoreData.framework; path = System/Library/Frameworks/CoreData.framework; sourceTree = SDKROOT; };
		2FDB9F581553F7AE00CB7487 /* Foundation.framework */ = {isa = PBXFileReference; lastKnownFileType = wrapper.framework; name = Foundation.framework; path = System/Library/Frameworks/Foundation.framework; sourceTree = SDKROOT; };
		2FDB9F7C1553F87500CB7487 /* GitHubNotificationCenter-Info.plist */ = {isa = PBXFileReference; fileEncoding = 4; lastKnownFileType = text.plist.xml; path = "GitHubNotificationCenter-Info.plist"; sourceTree = "<group>"; };
		2FDB9F7D1553F87500CB7487 /* GitHubNotificationCenter-Prefix.pch */ = {isa = PBXFileReference; fileEncoding = 4; lastKnownFileType = sourcecode.c.h; path = "GitHubNotificationCenter-Prefix.pch"; sourceTree = "<group>"; };
		2FDB9F801553F87500CB7487 /* en */ = {isa = PBXFileReference; lastKnownFileType = text.rtf; name = en; path = en.lproj/Credits.rtf; sourceTree = "<group>"; };
		2FDB9F821553F87500CB7487 /* en */ = {isa = PBXFileReference; lastKnownFileType = text.plist.strings; name = en; path = en.lproj/InfoPlist.strings; sourceTree = "<group>"; };
		2FDB9F841553F87500CB7487 /* en */ = {isa = PBXFileReference; lastKnownFileType = file.xib; name = en; path = en.lproj/MainMenu.xib; sourceTree = "<group>"; };
		2FDB9F861553F87500CB7487 /* GitHubNotificationCenter.xcdatamodel */ = {isa = PBXFileReference; lastKnownFileType = wrapper.xcdatamodel; path = GitHubNotificationCenter.xcdatamodel; sourceTree = "<group>"; };
		8F557F78155417A500923D02 /* WebKit.framework */ = {isa = PBXFileReference; lastKnownFileType = wrapper.framework; name = WebKit.framework; path = System/Library/Frameworks/WebKit.framework; sourceTree = SDKROOT; };
		8F557FA31554461C00923D02 /* PullRequestTableEntry.h */ = {isa = PBXFileReference; fileEncoding = 4; lastKnownFileType = sourcecode.c.h; path = PullRequestTableEntry.h; sourceTree = "<group>"; };
		8F557FA41554461C00923D02 /* PullRequestTableEntry.m */ = {isa = PBXFileReference; fileEncoding = 4; lastKnownFileType = sourcecode.c.objc; path = PullRequestTableEntry.m; sourceTree = "<group>"; };
		E5867AED155400E800A7E61D /* UAGithubEngine.xcodeproj */ = {isa = PBXFileReference; lastKnownFileType = "wrapper.pb-project"; name = UAGithubEngine.xcodeproj; path = Libraries/UAGithubEngine/UAGithubEngine.xcodeproj; sourceTree = "<group>"; };
/* End PBXFileReference section */

/* Begin PBXFrameworksBuildPhase section */
		2FDB9F4C1553F7AE00CB7487 /* Frameworks */ = {
			isa = PBXFrameworksBuildPhase;
			buildActionMask = 2147483647;
			files = (
				8F557F79155417A500923D02 /* WebKit.framework in Frameworks */,
				E5867AF7155400FB00A7E61D /* UAGithubEngine.framework in Frameworks */,
				2FDB9F541553F7AE00CB7487 /* Cocoa.framework in Frameworks */,
			);
			runOnlyForDeploymentPostprocessing = 0;
		};
/* End PBXFrameworksBuildPhase section */

/* Begin PBXGroup section */
		2FB6D15515541A7C00D9D937 /* Libraries */ = {
			isa = PBXGroup;
			children = (
				E5867AED155400E800A7E61D /* UAGithubEngine.xcodeproj */,
			);
			name = Libraries;
			sourceTree = "<group>";
		};
		2FB6D1DB1554410200D9D937 /* Classes */ = {
			isa = PBXGroup;
			children = (
				8F557FA31554461C00923D02 /* PullRequestTableEntry.h */,
				8F557FA41554461C00923D02 /* PullRequestTableEntry.m */,
				2FB6D1DC1554410200D9D937 /* CoreData */,
				2FB6D1F91554410200D9D937 /* Extensions */,
				2FB6D1FE1554410200D9D937 /* main.m */,
				2FB6D1FF1554410200D9D937 /* TLAppDelegate.h */,
				2FB6D2001554410200D9D937 /* TLAppDelegate.m */,
				2FB6D2011554410200D9D937 /* TLGitHubAPI.h */,
				2FB6D2021554410200D9D937 /* TLGitHubAPI.m */,
				2FB6D2031554410200D9D937 /* TLMacros.h */,
				2FB6D2041554410200D9D937 /* WebViewController.h */,
				2FB6D2051554410200D9D937 /* WebViewController.m */,
			);
			path = Classes;
			sourceTree = "<group>";
		};
		2FB6D1DC1554410200D9D937 /* CoreData */ = {
			isa = PBXGroup;
			children = (
				2FB6D1DD1554410200D9D937 /* Entities */,
				2FB6D1EC1554410200D9D937 /* Generated */,
			);
			path = CoreData;
			sourceTree = "<group>";
		};
		2FB6D1DD1554410200D9D937 /* Entities */ = {
			isa = PBXGroup;
			children = (
				2FB6D1DE1554410200D9D937 /* TLAuthor.h */,
				2FB6D1DF1554410200D9D937 /* TLAuthor.m */,
				2FB6D1E01554410200D9D937 /* TLComment.h */,
				2FB6D1E11554410200D9D937 /* TLComment.m */,
				2FB6D1E21554410200D9D937 /* TLCommit.h */,
				2FB6D1E31554410200D9D937 /* TLCommit.m */,
				2FB6D1E41554410200D9D937 /* TLGithubObject.h */,
				2FB6D1E51554410200D9D937 /* TLGithubObject.m */,
				2FB6D1E61554410200D9D937 /* TLManagedObject.h */,
				2FB6D1E71554410200D9D937 /* TLManagedObject.m */,
				2FB6D1E81554410200D9D937 /* TLPullRequest.h */,
				2FB6D1E91554410200D9D937 /* TLPullRequest.m */,
				2FB6D1EA1554410200D9D937 /* TLRepository.h */,
				2FB6D1EB1554410200D9D937 /* TLRepository.m */,
			);
			path = Entities;
			sourceTree = "<group>";
		};
		2FB6D1EC1554410200D9D937 /* Generated */ = {
			isa = PBXGroup;
			children = (
				2FB6D1ED1554410200D9D937 /* _TLAuthor.h */,
				2FB6D1EE1554410200D9D937 /* _TLAuthor.m */,
				2FB6D1EF1554410200D9D937 /* _TLComment.h */,
				2FB6D1F01554410200D9D937 /* _TLComment.m */,
				2FB6D1F11554410200D9D937 /* _TLCommit.h */,
				2FB6D1F21554410200D9D937 /* _TLCommit.m */,
				2FB6D1F31554410200D9D937 /* _TLGithubObject.h */,
				2FB6D1F41554410200D9D937 /* _TLGithubObject.m */,
				2FB6D1F51554410200D9D937 /* _TLPullRequest.h */,
				2FB6D1F61554410200D9D937 /* _TLPullRequest.m */,
				2FB6D1F71554410200D9D937 /* _TLRepository.h */,
				2FB6D1F81554410200D9D937 /* _TLRepository.m */,
			);
			path = Generated;
			sourceTree = "<group>";
		};
		2FB6D1F91554410200D9D937 /* Extensions */ = {
			isa = PBXGroup;
			children = (
				2FB6D1FA1554410200D9D937 /* NSDateFormatter+Extensions.h */,
				2FB6D1FB1554410200D9D937 /* NSDateFormatter+Extensions.m */,
				2FB6D1FC1554410200D9D937 /* NSManagedObjectContext+Extensions.h */,
				2FB6D1FD1554410200D9D937 /* NSManagedObjectContext+Extensions.m */,
			);
			path = Extensions;
			sourceTree = "<group>";
		};
		2FDB9F441553F7AE00CB7487 = {
			isa = PBXGroup;
			children = (
				2FB6D1DB1554410200D9D937 /* Classes */,
				2FB6D15515541A7C00D9D937 /* Libraries */,
				2FDB9F7E1553F87500CB7487 /* Resources */,
				2FDB9F7C1553F87500CB7487 /* GitHubNotificationCenter-Info.plist */,
				2FDB9F7D1553F87500CB7487 /* GitHubNotificationCenter-Prefix.pch */,
				2FDB9F521553F7AE00CB7487 /* Frameworks */,
				2FDB9F501553F7AE00CB7487 /* Products */,
			);
			sourceTree = "<group>";
		};
		2FDB9F501553F7AE00CB7487 /* Products */ = {
			isa = PBXGroup;
			children = (
				2FDB9F4F1553F7AE00CB7487 /* GitHubNotificationCenter.app */,
			);
			name = Products;
			sourceTree = "<group>";
		};
		2FDB9F521553F7AE00CB7487 /* Frameworks */ = {
			isa = PBXGroup;
			children = (
				8F557F78155417A500923D02 /* WebKit.framework */,
				2FDB9F531553F7AE00CB7487 /* Cocoa.framework */,
				2FDB9F551553F7AE00CB7487 /* Other Frameworks */,
			);
			name = Frameworks;
			sourceTree = "<group>";
		};
		2FDB9F551553F7AE00CB7487 /* Other Frameworks */ = {
			isa = PBXGroup;
			children = (
				2FDB9F561553F7AE00CB7487 /* AppKit.framework */,
				2FDB9F571553F7AE00CB7487 /* CoreData.framework */,
				2FDB9F581553F7AE00CB7487 /* Foundation.framework */,
			);
			name = "Other Frameworks";
			sourceTree = "<group>";
		};
		2FDB9F7E1553F87500CB7487 /* Resources */ = {
			isa = PBXGroup;
			children = (
				2FDB9F7F1553F87500CB7487 /* Credits.rtf */,
				2FDB9F811553F87500CB7487 /* InfoPlist.strings */,
				2FDB9F831553F87500CB7487 /* MainMenu.xib */,
				2FDB9F851553F87500CB7487 /* GitHubNotificationCenter.xcdatamodeld */,
			);
			path = Resources;
			sourceTree = "<group>";
		};
		E5867AEE155400E800A7E61D /* Products */ = {
			isa = PBXGroup;
			children = (
				E5867AF5155400E800A7E61D /* UAGithubEngine.framework */,
			);
			name = Products;
			sourceTree = "<group>";
		};
/* End PBXGroup section */

/* Begin PBXNativeTarget section */
		2FDB9F4E1553F7AE00CB7487 /* GitHubNotificationCenter */ = {
			isa = PBXNativeTarget;
			buildConfigurationList = 2FDB9F701553F7AF00CB7487 /* Build configuration list for PBXNativeTarget "GitHubNotificationCenter" */;
			buildPhases = (
				2FDB9F4B1553F7AE00CB7487 /* Sources */,
				2FDB9F4C1553F7AE00CB7487 /* Frameworks */,
				2FDB9F4D1553F7AE00CB7487 /* Resources */,
			);
			buildRules = (
				2F01E07D155409FE001A8DCC /* PBXBuildRule */,
				2F01E07C155409E0001A8DCC /* PBXBuildRule */,
			);
			dependencies = (
			);
			name = GitHubNotificationCenter;
			productName = GitHubNotificationCenter;
			productReference = 2FDB9F4F1553F7AE00CB7487 /* GitHubNotificationCenter.app */;
			productType = "com.apple.product-type.application";
		};
/* End PBXNativeTarget section */

/* Begin PBXProject section */
		2FDB9F461553F7AE00CB7487 /* Project object */ = {
			isa = PBXProject;
			attributes = {
				CLASSPREFIX = TL;
				LastUpgradeCheck = 0430;
				ORGANIZATIONNAME = 6Wunderkinder;
			};
			buildConfigurationList = 2FDB9F491553F7AE00CB7487 /* Build configuration list for PBXProject "GitHubNotificationCenter" */;
			compatibilityVersion = "Xcode 3.2";
			developmentRegion = English;
			hasScannedForEncodings = 0;
			knownRegions = (
				en,
			);
			mainGroup = 2FDB9F441553F7AE00CB7487;
			productRefGroup = 2FDB9F501553F7AE00CB7487 /* Products */;
			projectDirPath = "";
			projectReferences = (
				{
					ProductGroup = E5867AEE155400E800A7E61D /* Products */;
					ProjectRef = E5867AED155400E800A7E61D /* UAGithubEngine.xcodeproj */;
				},
			);
			projectRoot = "";
			targets = (
				2FDB9F4E1553F7AE00CB7487 /* GitHubNotificationCenter */,
			);
		};
/* End PBXProject section */

/* Begin PBXReferenceProxy section */
		E5867AF5155400E800A7E61D /* UAGithubEngine.framework */ = {
			isa = PBXReferenceProxy;
			fileType = wrapper.framework;
			path = UAGithubEngine.framework;
			remoteRef = E5867AF4155400E800A7E61D /* PBXContainerItemProxy */;
			sourceTree = BUILT_PRODUCTS_DIR;
		};
/* End PBXReferenceProxy section */

/* Begin PBXResourcesBuildPhase section */
		2FDB9F4D1553F7AE00CB7487 /* Resources */ = {
			isa = PBXResourcesBuildPhase;
			buildActionMask = 2147483647;
			files = (
				2FDB9F8A1553F87500CB7487 /* Credits.rtf in Resources */,
				2FDB9F8B1553F87500CB7487 /* InfoPlist.strings in Resources */,
				2FDB9F8C1553F87500CB7487 /* MainMenu.xib in Resources */,
			);
			runOnlyForDeploymentPostprocessing = 0;
		};
/* End PBXResourcesBuildPhase section */

/* Begin PBXSourcesBuildPhase section */
		2FDB9F4B1553F7AE00CB7487 /* Sources */ = {
			isa = PBXSourcesBuildPhase;
			buildActionMask = 2147483647;
			files = (
				2FDB9F8D1553F87500CB7487 /* GitHubNotificationCenter.xcdatamodeld in Sources */,
				2FB6D2061554410200D9D937 /* TLAuthor.m in Sources */,
				2FB6D2071554410200D9D937 /* TLComment.m in Sources */,
				2FB6D2081554410200D9D937 /* TLCommit.m in Sources */,
				2FB6D2091554410200D9D937 /* TLGithubObject.m in Sources */,
				2FB6D20A1554410200D9D937 /* TLManagedObject.m in Sources */,
				2FB6D20B1554410200D9D937 /* TLPullRequest.m in Sources */,
				2FB6D20C1554410200D9D937 /* TLRepository.m in Sources */,
				2FB6D20D1554410200D9D937 /* _TLAuthor.m in Sources */,
				2FB6D20E1554410200D9D937 /* _TLComment.m in Sources */,
				2FB6D20F1554410200D9D937 /* _TLCommit.m in Sources */,
				2FB6D2101554410200D9D937 /* _TLGithubObject.m in Sources */,
				2FB6D2111554410200D9D937 /* _TLPullRequest.m in Sources */,
				2FB6D2121554410200D9D937 /* _TLRepository.m in Sources */,
				2FB6D2131554410200D9D937 /* NSDateFormatter+Extensions.m in Sources */,
				2FB6D2141554410200D9D937 /* NSManagedObjectContext+Extensions.m in Sources */,
				2FB6D2151554410200D9D937 /* main.m in Sources */,
				2FB6D2161554410200D9D937 /* TLAppDelegate.m in Sources */,
				2FB6D2171554410200D9D937 /* TLGitHubAPI.m in Sources */,
				2FB6D2181554410200D9D937 /* WebViewController.m in Sources */,
				8F557FA51554461C00923D02 /* PullRequestTableEntry.m in Sources */,
			);
			runOnlyForDeploymentPostprocessing = 0;
		};
/* End PBXSourcesBuildPhase section */

/* Begin PBXVariantGroup section */
		2FDB9F7F1553F87500CB7487 /* Credits.rtf */ = {
			isa = PBXVariantGroup;
			children = (
				2FDB9F801553F87500CB7487 /* en */,
			);
			name = Credits.rtf;
			sourceTree = "<group>";
		};
		2FDB9F811553F87500CB7487 /* InfoPlist.strings */ = {
			isa = PBXVariantGroup;
			children = (
				2FDB9F821553F87500CB7487 /* en */,
			);
			name = InfoPlist.strings;
			sourceTree = "<group>";
		};
		2FDB9F831553F87500CB7487 /* MainMenu.xib */ = {
			isa = PBXVariantGroup;
			children = (
				2FDB9F841553F87500CB7487 /* en */,
			);
			name = MainMenu.xib;
			sourceTree = "<group>";
		};
/* End PBXVariantGroup section */

/* Begin XCBuildConfiguration section */
		2FDB9F6E1553F7AF00CB7487 /* Debug */ = {
			isa = XCBuildConfiguration;
			buildSettings = {
				ALWAYS_SEARCH_USER_PATHS = NO;
				ARCHS = "$(ARCHS_STANDARD_64_BIT)";
				CLANG_ENABLE_OBJC_ARC = YES;
				COPY_PHASE_STRIP = NO;
				GCC_C_LANGUAGE_STANDARD = gnu99;
				GCC_DYNAMIC_NO_PIC = NO;
				GCC_ENABLE_OBJC_EXCEPTIONS = YES;
				GCC_OPTIMIZATION_LEVEL = 0;
				GCC_PREPROCESSOR_DEFINITIONS = (
					"DEBUG=1",
					"$(inherited)",
				);
				GCC_SYMBOLS_PRIVATE_EXTERN = NO;
				GCC_VERSION = com.apple.compilers.llvm.clang.1_0;
				GCC_WARN_64_TO_32_BIT_CONVERSION = YES;
				GCC_WARN_ABOUT_RETURN_TYPE = YES;
				GCC_WARN_UNINITIALIZED_AUTOS = YES;
				GCC_WARN_UNUSED_VARIABLE = YES;
				MACOSX_DEPLOYMENT_TARGET = 10.7;
				ONLY_ACTIVE_ARCH = YES;
				SDKROOT = macosx;
			};
			name = Debug;
		};
		2FDB9F6F1553F7AF00CB7487 /* Release */ = {
			isa = XCBuildConfiguration;
			buildSettings = {
				ALWAYS_SEARCH_USER_PATHS = NO;
				ARCHS = "$(ARCHS_STANDARD_64_BIT)";
				CLANG_ENABLE_OBJC_ARC = YES;
				COPY_PHASE_STRIP = YES;
				DEBUG_INFORMATION_FORMAT = "dwarf-with-dsym";
				GCC_C_LANGUAGE_STANDARD = gnu99;
				GCC_ENABLE_OBJC_EXCEPTIONS = YES;
				GCC_VERSION = com.apple.compilers.llvm.clang.1_0;
				GCC_WARN_64_TO_32_BIT_CONVERSION = YES;
				GCC_WARN_ABOUT_RETURN_TYPE = YES;
				GCC_WARN_UNINITIALIZED_AUTOS = YES;
				GCC_WARN_UNUSED_VARIABLE = YES;
				MACOSX_DEPLOYMENT_TARGET = 10.7;
				SDKROOT = macosx;
			};
			name = Release;
		};
		2FDB9F711553F7AF00CB7487 /* Debug */ = {
			isa = XCBuildConfiguration;
			buildSettings = {
				GCC_PRECOMPILE_PREFIX_HEADER = YES;
				GCC_PREFIX_HEADER = "GitHubNotificationCenter-Prefix.pch";
				INFOPLIST_FILE = "GitHubNotificationCenter-Info.plist";
				PRODUCT_NAME = "$(TARGET_NAME)";
				WRAPPER_EXTENSION = app;
			};
			name = Debug;
		};
		2FDB9F721553F7AF00CB7487 /* Release */ = {
			isa = XCBuildConfiguration;
			buildSettings = {
				GCC_PRECOMPILE_PREFIX_HEADER = YES;
				GCC_PREFIX_HEADER = "GitHubNotificationCenter-Prefix.pch";
				INFOPLIST_FILE = "GitHubNotificationCenter-Info.plist";
				PRODUCT_NAME = "$(TARGET_NAME)";
				WRAPPER_EXTENSION = app;
			};
			name = Release;
		};
/* End XCBuildConfiguration section */

/* Begin XCConfigurationList section */
		2FDB9F491553F7AE00CB7487 /* Build configuration list for PBXProject "GitHubNotificationCenter" */ = {
			isa = XCConfigurationList;
			buildConfigurations = (
				2FDB9F6E1553F7AF00CB7487 /* Debug */,
				2FDB9F6F1553F7AF00CB7487 /* Release */,
			);
			defaultConfigurationIsVisible = 0;
			defaultConfigurationName = Release;
		};
		2FDB9F701553F7AF00CB7487 /* Build configuration list for PBXNativeTarget "GitHubNotificationCenter" */ = {
			isa = XCConfigurationList;
			buildConfigurations = (
				2FDB9F711553F7AF00CB7487 /* Debug */,
				2FDB9F721553F7AF00CB7487 /* Release */,
			);
			defaultConfigurationIsVisible = 0;
			defaultConfigurationName = Release;
		};
/* End XCConfigurationList section */

/* Begin XCVersionGroup section */
		2FDB9F851553F87500CB7487 /* GitHubNotificationCenter.xcdatamodeld */ = {
			isa = XCVersionGroup;
			children = (
				2FDB9F861553F87500CB7487 /* GitHubNotificationCenter.xcdatamodel */,
			);
			currentVersion = 2FDB9F861553F87500CB7487 /* GitHubNotificationCenter.xcdatamodel */;
			path = GitHubNotificationCenter.xcdatamodeld;
			sourceTree = "<group>";
			versionGroupType = wrapper.xcdatamodel;
		};
/* End XCVersionGroup section */
	};
	rootObject = 2FDB9F461553F7AE00CB7487 /* Project object */;
}
